
Microsoft Visual Studio Solution File, Format Version 12.00
# Visual Studio Version 17
VisualStudioVersion = 17.14.36121.58
MinimumVisualStudioVersion = 10.0.40219.1
Project("{FAE04EC0-301F-11D3-BF4B-00C04F79EFBC}") = "ProductCatalogApp", "ProductCatalogApp.csproj", "{776DDC73-D68F-430E-8BE5-6E01CEF0BCE2}"
EndProject
Project("{FAE04EC0-301F-11D3-BF4B-00C04F79EFBC}") = "ProductCatalogApp.Tests", "..\ProductCatalogApp.Tests\ProductCatalogApp.Tests.csproj", "{09660891-3383-4CB8-B77F-983B2D6B5804}"
EndProject
Project("{FAE04EC0-301F-11D3-BF4B-00C04F79EFBC}") = "ProductCatalogApp.Test", "ProductCatalogApp.Test\ProductCatalogApp.Test.csproj", "{ACD1B191-7E50-47B5-8A58-9F67B9A91D18}"
EndProject
Global
	GlobalSection(SolutionConfigurationPlatforms) = preSolution
		Debug|Any CPU = Debug|Any CPU
		Release|Any CPU = Release|Any CPU
	EndGlobalSection
	GlobalSection(ProjectConfigurationPlatforms) = postSolution
		{776DDC73-D68F-430E-8BE5-6E01CEF0BCE2}.Debug|Any CPU.ActiveCfg = Debug|Any CPU
		{776DDC73-D68F-430E-8BE5-6E01CEF0BCE2}.Debug|Any CPU.Build.0 = Debug|Any CPU
		{776DDC73-D68F-430E-8BE5-6E01CEF0BCE2}.Release|Any CPU.ActiveCfg = Release|Any CPU
		{776DDC73-D68F-430E-8BE5-6E01CEF0BCE2}.Release|Any CPU.Build.0 = Release|Any CPU
		{09660891-3383-4CB8-B77F-983B2D6B5804}.Debug|Any CPU.ActiveCfg = Debug|Any CPU
		{09660891-3383-4CB8-B77F-983B2D6B5804}.Debug|Any CPU.Build.0 = Debug|Any CPU
		{09660891-3383-4CB8-B77F-983B2D6B5804}.Release|Any CPU.ActiveCfg = Release|Any CPU
		{09660891-3383-4CB8-B77F-983B2D6B5804}.Release|Any CPU.Build.0 = Release|Any CPU
		{ACD1B191-7E50-47B5-8A58-9F67B9A91D18}.Debug|Any CPU.ActiveCfg = Debug|Any CPU
		{ACD1B191-7E50-47B5-8A58-9F67B9A91D18}.Debug|Any CPU.Build.0 = Debug|Any CPU
		{ACD1B191-7E50-47B5-8A58-9F67B9A91D18}.Release|Any CPU.ActiveCfg = Release|Any CPU
		{ACD1B191-7E50-47B5-8A58-9F67B9A91D18}.Release|Any CPU.Build.0 = Release|Any CPU
	EndGlobalSection
	GlobalSection(SolutionProperties) = preSolution
		HideSolutionNode = FALSE
	EndGlobalSection
	GlobalSection(ExtensibilityGlobals) = postSolution
		SolutionGuid = {C1B10081-B456-49D0-830B-0AF819C255F1}
	EndGlobalSection
EndGlobal
